<?xml version="1.0" encoding="utf-8"?>
<Project ToolsVersion="4.0" xmlns="http://schemas.microsoft.com/developer/msbuild/2003">
  <ItemGroup>
    <Filter Include="tests">
      <UniqueIdentifier>{fbf590d6-a6c3-487e-999d-b6799365a342}</UniqueIdentifier>
    </Filter>
    <Filter Include="src">
      <UniqueIdentifier>{43519bd7-090b-4204-8ab9-07ec0757dc36}</UniqueIdentifier>
    </Filter>
    <Filter Include="include">
      <UniqueIdentifier>{f4a8e9fb-b6d4-4fea-8edb-ae7b9235cdb1}</UniqueIdentifier>
    </Filter>
  </ItemGroup>
  <ItemGroup>
    <ClInclude Include="..\include\dblib\dblib.hpp">
      <Filter>include</Filter>
    </ClInclude>
    <ClInclude Include="..\include\dblib\dblib_conf.hpp">
      <Filter>include</Filter>
    </ClInclude>
    <ClInclude Include="..\include\dblib\dblib_consts.hpp">
      <Filter>include</Filter>
    </ClInclude>
    <ClInclude Include="..\include\dblib\dblib_cvt_utils.hpp">
      <Filter>include</Filter>
    </ClInclude>
    <ClInclude Include="..\include\dblib\dblib_exception.hpp">
      <Filter>include</Filter>
    </ClInclude>
    <ClInclude Include="..\include\dblib\dblib_firebird.hpp">
      <Filter>include</Filter>
    </ClInclude>
    <ClInclude Include="..\include\dblib\dblib_sqlite.hpp">
      <Filter>include</Filter>
    </ClInclude>
    <ClInclude Include="..\src\dblib_dyn.hpp">
      <Filter>src</Filter>
    </ClInclude>
    <ClInclude Include="..\src\dblib_type_cvt.hpp">
      <Filter>src</Filter>
    </ClInclude>
    <ClInclude Include="..\src\dblib_stmt_tools.hpp">
      <Filter>src</Filter>
    </ClInclude>
  </ItemGroup>
  <ItemGroup>
    <ClCompile Include="..\src\dblib.cpp">
      <Filter>src</Filter>
    </ClCompile>
    <ClCompile Include="..\src\dblib_consts.cpp">
      <Filter>src</Filter>
    </ClCompile>
    <ClCompile Include="..\src\dblib_cvt_utils.cpp">
      <Filter>src</Filter>
    </ClCompile>
    <ClCompile Include="..\src\dblib_dyn.cpp">
      <Filter>src</Filter>
    </ClCompile>
    <ClCompile Include="..\src\dblib_exception.cpp">
      <Filter>src</Filter>
    </ClCompile>
    <ClCompile Include="..\src\dblib_firebird.cpp">
      <Filter>src</Filter>
    </ClCompile>
    <ClCompile Include="..\src\dblib_sqlite.cpp">
      <Filter>src</Filter>
    </ClCompile>
    <ClCompile Include="dblib_tests.cpp">
      <Filter>tests</Filter>
    </ClCompile>
    <ClCompile Include="..\src\dblib_stmt_tools.cpp">
      <Filter>src</Filter>
    </ClCompile>
  </ItemGroup>
</Project>